// !$*UTF8*$!
{
	archiveVersion = 1;
	classes = {
	};
	objectVersion = 46;
	objects = {

/* Begin PBXBuildFile section */
		4EFB10A6AC7519D6F8DC89E1 /* libPods.a in Frameworks */ = {isa = PBXBuildFile; fileRef = 417056AA21FDB61CE550978D /* libPods.a */; };
		D25039001CEF2B5000DE7890 /* InsideOfDeskViewController.m in Sources */ = {isa = PBXBuildFile; fileRef = D25038FE1CEF2B5000DE7890 /* InsideOfDeskViewController.m */; };
		D25039011CEF2B5000DE7890 /* InsideOfDeskViewController.xib in Resources */ = {isa = PBXBuildFile; fileRef = D25038FF1CEF2B5000DE7890 /* InsideOfDeskViewController.xib */; };
		D25039071CEF2BC000DE7890 /* DeskInsideTableViewCell.m in Sources */ = {isa = PBXBuildFile; fileRef = D25039051CEF2BC000DE7890 /* DeskInsideTableViewCell.m */; };
		D25039081CEF2BC000DE7890 /* DeskInsideTableViewCell.xib in Resources */ = {isa = PBXBuildFile; fileRef = D25039061CEF2BC000DE7890 /* DeskInsideTableViewCell.xib */; };
		D250390B1CEF37D900DE7890 /* ProductServer.m in Sources */ = {isa = PBXBuildFile; fileRef = D250390A1CEF37D900DE7890 /* ProductServer.m */; };
		D250390E1CEF389400DE7890 /* ProductHelper.m in Sources */ = {isa = PBXBuildFile; fileRef = D250390D1CEF389400DE7890 /* ProductHelper.m */; };
		D2BFA0751CF0C38900626CCE /* OrderHelper.m in Sources */ = {isa = PBXBuildFile; fileRef = D2BFA0741CF0C38900626CCE /* OrderHelper.m */; };
		D2BFA0781CF0C39D00626CCE /* OrderServer.m in Sources */ = {isa = PBXBuildFile; fileRef = D2BFA0771CF0C39D00626CCE /* OrderServer.m */; };
		D2BFA07B1CF0CE5000626CCE /* Helper.m in Sources */ = {isa = PBXBuildFile; fileRef = D2BFA07A1CF0CE5000626CCE /* Helper.m */; };
		D2BFA07F1CF195AF00626CCE /* OrdersListViewController.m in Sources */ = {isa = PBXBuildFile; fileRef = D2BFA07D1CF195AF00626CCE /* OrdersListViewController.m */; };
		D2BFA0801CF195AF00626CCE /* OrdersListViewController.xib in Resources */ = {isa = PBXBuildFile; fileRef = D2BFA07E1CF195AF00626CCE /* OrdersListViewController.xib */; };
		D2BFA0851CF1964500626CCE /* OrdersTableViewCell.m in Sources */ = {isa = PBXBuildFile; fileRef = D2BFA0831CF1964500626CCE /* OrdersTableViewCell.m */; };
		D2BFA0861CF1964500626CCE /* OrdersTableViewCell.xib in Resources */ = {isa = PBXBuildFile; fileRef = D2BFA0841CF1964500626CCE /* OrdersTableViewCell.xib */; };
		D2D013A41CDCB41E00BE4BCF /* main.m in Sources */ = {isa = PBXBuildFile; fileRef = D2D013A31CDCB41E00BE4BCF /* main.m */; };
		D2D013A71CDCB41E00BE4BCF /* AppDelegate.m in Sources */ = {isa = PBXBuildFile; fileRef = D2D013A61CDCB41E00BE4BCF /* AppDelegate.m */; };
		D2D013AA1CDCB41E00BE4BCF /* ViewController.m in Sources */ = {isa = PBXBuildFile; fileRef = D2D013A91CDCB41E00BE4BCF /* ViewController.m */; };
		D2D013AD1CDCB41E00BE4BCF /* Main.storyboard in Resources */ = {isa = PBXBuildFile; fileRef = D2D013AB1CDCB41E00BE4BCF /* Main.storyboard */; };
		D2D013AF1CDCB41E00BE4BCF /* Assets.xcassets in Resources */ = {isa = PBXBuildFile; fileRef = D2D013AE1CDCB41E00BE4BCF /* Assets.xcassets */; };
		D2D013B21CDCB41E00BE4BCF /* LaunchScreen.storyboard in Resources */ = {isa = PBXBuildFile; fileRef = D2D013B01CDCB41E00BE4BCF /* LaunchScreen.storyboard */; };
		D2D013BD1CDCB41E00BE4BCF /* Restoran_OtomasyonuTests.m in Sources */ = {isa = PBXBuildFile; fileRef = D2D013BC1CDCB41E00BE4BCF /* Restoran_OtomasyonuTests.m */; };
		D2D013C81CDCB41E00BE4BCF /* Restoran_OtomasyonuUITests.m in Sources */ = {isa = PBXBuildFile; fileRef = D2D013C71CDCB41E00BE4BCF /* Restoran_OtomasyonuUITests.m */; };
		D2D013FD1CDCC81900BE4BCF /* CategoryObject.m in Sources */ = {isa = PBXBuildFile; fileRef = D2D013EB1CDCC81900BE4BCF /* CategoryObject.m */; };
		D2D014001CDCC81900BE4BCF /* ProductObject.m in Sources */ = {isa = PBXBuildFile; fileRef = D2D013F11CDCC81900BE4BCF /* ProductObject.m */; };
		D2D0140D1CDCCE7700BE4BCF /* OrderObject.m in Sources */ = {isa = PBXBuildFile; fileRef = D2D0140C1CDCCE7700BE4BCF /* OrderObject.m */; };
		D2D014101CDCD1AB00BE4BCF /* ListObject.m in Sources */ = {isa = PBXBuildFile; fileRef = D2D0140F1CDCD1AB00BE4BCF /* ListObject.m */; };
		D2D014131CDCEFD500BE4BCF /* Server.m in Sources */ = {isa = PBXBuildFile; fileRef = D2D014121CDCEFD500BE4BCF /* Server.m */; };
		D2D0141E1CDD0CA700BE4BCF /* CategoryHelper.m in Sources */ = {isa = PBXBuildFile; fileRef = D2D0141D1CDD0CA700BE4BCF /* CategoryHelper.m */; };
		D2D014211CDD0CCC00BE4BCF /* CategoryServer.m in Sources */ = {isa = PBXBuildFile; fileRef = D2D014201CDD0CCC00BE4BCF /* CategoryServer.m */; };
		D2D014251CDD169C00BE4BCF /* LoginViewController.m in Sources */ = {isa = PBXBuildFile; fileRef = D2D014231CDD169C00BE4BCF /* LoginViewController.m */; };
		D2D014261CDD169C00BE4BCF /* LoginViewController.xib in Resources */ = {isa = PBXBuildFile; fileRef = D2D014241CDD169C00BE4BCF /* LoginViewController.xib */; };
		D2D0142A1CDD445D00BE4BCF /* BaseViewController.m in Sources */ = {isa = PBXBuildFile; fileRef = D2D014291CDD445D00BE4BCF /* BaseViewController.m */; };
		D2D0142D1CDD465500BE4BCF /* LoginServer.m in Sources */ = {isa = PBXBuildFile; fileRef = D2D0142C1CDD465500BE4BCF /* LoginServer.m */; };
		D2D014351CDDD7EE00BE4BCF /* MainViewController.m in Sources */ = {isa = PBXBuildFile; fileRef = D2D014331CDDD7EE00BE4BCF /* MainViewController.m */; };
		D2D014361CDDD7EE00BE4BCF /* MainViewController.xib in Resources */ = {isa = PBXBuildFile; fileRef = D2D014341CDDD7EE00BE4BCF /* MainViewController.xib */; };
		D2D0143A1CDE59AC00BE4BCF /* DailyListTableViewCell.m in Sources */ = {isa = PBXBuildFile; fileRef = D2D014381CDE59AC00BE4BCF /* DailyListTableViewCell.m */; };
		D2D0143B1CDE59AC00BE4BCF /* DailyListTableViewCell.xib in Resources */ = {isa = PBXBuildFile; fileRef = D2D014391CDE59AC00BE4BCF /* DailyListTableViewCell.xib */; };
		D2D0143F1CDE957A00BE4BCF /* DailyListServer.m in Sources */ = {isa = PBXBuildFile; fileRef = D2D0143E1CDE957A00BE4BCF /* DailyListServer.m */; };
		D2D014421CDE95E500BE4BCF /* DailyListHelper.m in Sources */ = {isa = PBXBuildFile; fileRef = D2D014411CDE95E500BE4BCF /* DailyListHelper.m */; };
/* End PBXBuildFile section */

/* Begin PBXContainerItemProxy section */
		D2D013B91CDCB41E00BE4BCF /* PBXContainerItemProxy */ = {
			isa = PBXContainerItemProxy;
			containerPortal = D2D013971CDCB41E00BE4BCF /* Project object */;
			proxyType = 1;
			remoteGlobalIDString = D2D0139E1CDCB41E00BE4BCF;
			remoteInfo = "Restoran Otomasyonu";
		};
		D2D013C41CDCB41E00BE4BCF /* PBXContainerItemProxy */ = {
			isa = PBXContainerItemProxy;
			containerPortal = D2D013971CDCB41E00BE4BCF /* Project object */;
			proxyType = 1;
			remoteGlobalIDString = D2D0139E1CDCB41E00BE4BCF;
			remoteInfo = "Restoran Otomasyonu";
		};
/* End PBXContainerItemProxy section */

/* Begin PBXFileReference section */
		417056AA21FDB61CE550978D /* libPods.a */ = {isa = PBXFileReference; explicitFileType = archive.ar; includeInIndex = 0; path = libPods.a; sourceTree = BUILT_PRODUCTS_DIR; };
		5F0F76AA15ADF0FCCDC7087F /* Pods.debug.xcconfig */ = {isa = PBXFileReference; includeInIndex = 1; lastKnownFileType = text.xcconfig; name = Pods.debug.xcconfig; path = "Pods/Target Support Files/Pods/Pods.debug.xcconfig"; sourceTree = "<group>"; };
		B9C779028B7AAA027B48D0C0 /* Pods.release.xcconfig */ = {isa = PBXFileReference; includeInIndex = 1; lastKnownFileType = text.xcconfig; name = Pods.release.xcconfig; path = "Pods/Target Support Files/Pods/Pods.release.xcconfig"; sourceTree = "<group>"; };
		D25038FD1CEF2B5000DE7890 /* InsideOfDeskViewController.h */ = {isa = PBXFileReference; fileEncoding = 4; lastKnownFileType = sourcecode.c.h; path = InsideOfDeskViewController.h; sourceTree = "<group>"; };
		D25038FE1CEF2B5000DE7890 /* InsideOfDeskViewController.m */ = {isa = PBXFileReference; fileEncoding = 4; lastKnownFileType = sourcecode.c.objc; path = InsideOfDeskViewController.m; sourceTree = "<group>"; };
		D25038FF1CEF2B5000DE7890 /* InsideOfDeskViewController.xib */ = {isa = PBXFileReference; fileEncoding = 4; lastKnownFileType = file.xib; path = InsideOfDeskViewController.xib; sourceTree = "<group>"; };
		D25039041CEF2BC000DE7890 /* DeskInsideTableViewCell.h */ = {isa = PBXFileReference; fileEncoding = 4; lastKnownFileType = sourcecode.c.h; path = DeskInsideTableViewCell.h; sourceTree = "<group>"; };
		D25039051CEF2BC000DE7890 /* DeskInsideTableViewCell.m */ = {isa = PBXFileReference; fileEncoding = 4; lastKnownFileType = sourcecode.c.objc; path = DeskInsideTableViewCell.m; sourceTree = "<group>"; };
		D25039061CEF2BC000DE7890 /* DeskInsideTableViewCell.xib */ = {isa = PBXFileReference; fileEncoding = 4; lastKnownFileType = file.xib; path = DeskInsideTableViewCell.xib; sourceTree = "<group>"; };
		D25039091CEF37D800DE7890 /* ProductServer.h */ = {isa = PBXFileReference; fileEncoding = 4; lastKnownFileType = sourcecode.c.h; path = ProductServer.h; sourceTree = "<group>"; };
		D250390A1CEF37D900DE7890 /* ProductServer.m */ = {isa = PBXFileReference; fileEncoding = 4; lastKnownFileType = sourcecode.c.objc; path = ProductServer.m; sourceTree = "<group>"; };
		D250390C1CEF389400DE7890 /* ProductHelper.h */ = {isa = PBXFileReference; fileEncoding = 4; lastKnownFileType = sourcecode.c.h; path = ProductHelper.h; sourceTree = "<group>"; };
		D250390D1CEF389400DE7890 /* ProductHelper.m */ = {isa = PBXFileReference; fileEncoding = 4; lastKnownFileType = sourcecode.c.objc; path = ProductHelper.m; sourceTree = "<group>"; };
		D2BFA0731CF0C38900626CCE /* OrderHelper.h */ = {isa = PBXFileReference; fileEncoding = 4; lastKnownFileType = sourcecode.c.h; path = OrderHelper.h; sourceTree = "<group>"; };
		D2BFA0741CF0C38900626CCE /* OrderHelper.m */ = {isa = PBXFileReference; fileEncoding = 4; lastKnownFileType = sourcecode.c.objc; path = OrderHelper.m; sourceTree = "<group>"; };
		D2BFA0761CF0C39D00626CCE /* OrderServer.h */ = {isa = PBXFileReference; fileEncoding = 4; lastKnownFileType = sourcecode.c.h; path = OrderServer.h; sourceTree = "<group>"; };
		D2BFA0771CF0C39D00626CCE /* OrderServer.m */ = {isa = PBXFileReference; fileEncoding = 4; lastKnownFileType = sourcecode.c.objc; path = OrderServer.m; sourceTree = "<group>"; };
		D2BFA0791CF0CE5000626CCE /* Helper.h */ = {isa = PBXFileReference; fileEncoding = 4; lastKnownFileType = sourcecode.c.h; path = Helper.h; sourceTree = "<group>"; };
		D2BFA07A1CF0CE5000626CCE /* Helper.m */ = {isa = PBXFileReference; fileEncoding = 4; lastKnownFileType = sourcecode.c.objc; path = Helper.m; sourceTree = "<group>"; };
		D2BFA07C1CF195AF00626CCE /* OrdersListViewController.h */ = {isa = PBXFileReference; fileEncoding = 4; lastKnownFileType = sourcecode.c.h; path = OrdersListViewController.h; sourceTree = "<group>"; };
		D2BFA07D1CF195AF00626CCE /* OrdersListViewController.m */ = {isa = PBXFileReference; fileEncoding = 4; lastKnownFileType = sourcecode.c.objc; path = OrdersListViewController.m; sourceTree = "<group>"; };
		D2BFA07E1CF195AF00626CCE /* OrdersListViewController.xib */ = {isa = PBXFileReference; fileEncoding = 4; lastKnownFileType = file.xib; path = OrdersListViewController.xib; sourceTree = "<group>"; };
		D2BFA0821CF1964500626CCE /* OrdersTableViewCell.h */ = {isa = PBXFileReference; fileEncoding = 4; lastKnownFileType = sourcecode.c.h; path = OrdersTableViewCell.h; sourceTree = "<group>"; };
		D2BFA0831CF1964500626CCE /* OrdersTableViewCell.m */ = {isa = PBXFileReference; fileEncoding = 4; lastKnownFileType = sourcecode.c.objc; path = OrdersTableViewCell.m; sourceTree = "<group>"; };
		D2BFA0841CF1964500626CCE /* OrdersTableViewCell.xib */ = {isa = PBXFileReference; fileEncoding = 4; lastKnownFileType = file.xib; path = OrdersTableViewCell.xib; sourceTree = "<group>"; };
		D2D0139F1CDCB41E00BE4BCF /* Restoran Otomasyonu.app */ = {isa = PBXFileReference; explicitFileType = wrapper.application; includeInIndex = 0; path = "Restoran Otomasyonu.app"; sourceTree = BUILT_PRODUCTS_DIR; };
		D2D013A31CDCB41E00BE4BCF /* main.m */ = {isa = PBXFileReference; lastKnownFileType = sourcecode.c.objc; path = main.m; sourceTree = "<group>"; };
		D2D013A51CDCB41E00BE4BCF /* AppDelegate.h */ = {isa = PBXFileReference; lastKnownFileType = sourcecode.c.h; path = AppDelegate.h; sourceTree = "<group>"; };
		D2D013A61CDCB41E00BE4BCF /* AppDelegate.m */ = {isa = PBXFileReference; lastKnownFileType = sourcecode.c.objc; path = AppDelegate.m; sourceTree = "<group>"; };
		D2D013A81CDCB41E00BE4BCF /* ViewController.h */ = {isa = PBXFileReference; lastKnownFileType = sourcecode.c.h; path = ViewController.h; sourceTree = "<group>"; };
		D2D013A91CDCB41E00BE4BCF /* ViewController.m */ = {isa = PBXFileReference; lastKnownFileType = sourcecode.c.objc; path = ViewController.m; sourceTree = "<group>"; };
		D2D013AC1CDCB41E00BE4BCF /* Base */ = {isa = PBXFileReference; lastKnownFileType = file.storyboard; name = Base; path = Base.lproj/Main.storyboard; sourceTree = "<group>"; };
		D2D013AE1CDCB41E00BE4BCF /* Assets.xcassets */ = {isa = PBXFileReference; lastKnownFileType = folder.assetcatalog; path = Assets.xcassets; sourceTree = "<group>"; };
		D2D013B11CDCB41E00BE4BCF /* Base */ = {isa = PBXFileReference; lastKnownFileType = file.storyboard; name = Base; path = Base.lproj/LaunchScreen.storyboard; sourceTree = "<group>"; };
		D2D013B31CDCB41E00BE4BCF /* Info.plist */ = {isa = PBXFileReference; lastKnownFileType = text.plist.xml; path = Info.plist; sourceTree = "<group>"; };
		D2D013B81CDCB41E00BE4BCF /* Restoran OtomasyonuTests.xctest */ = {isa = PBXFileReference; explicitFileType = wrapper.cfbundle; includeInIndex = 0; path = "Restoran OtomasyonuTests.xctest"; sourceTree = BUILT_PRODUCTS_DIR; };
		D2D013BC1CDCB41E00BE4BCF /* Restoran_OtomasyonuTests.m */ = {isa = PBXFileReference; lastKnownFileType = sourcecode.c.objc; path = Restoran_OtomasyonuTests.m; sourceTree = "<group>"; };
		D2D013BE1CDCB41E00BE4BCF /* Info.plist */ = {isa = PBXFileReference; lastKnownFileType = text.plist.xml; path = Info.plist; sourceTree = "<group>"; };
		D2D013C31CDCB41E00BE4BCF /* Restoran OtomasyonuUITests.xctest */ = {isa = PBXFileReference; explicitFileType = wrapper.cfbundle; includeInIndex = 0; path = "Restoran OtomasyonuUITests.xctest"; sourceTree = BUILT_PRODUCTS_DIR; };
		D2D013C71CDCB41E00BE4BCF /* Restoran_OtomasyonuUITests.m */ = {isa = PBXFileReference; lastKnownFileType = sourcecode.c.objc; path = Restoran_OtomasyonuUITests.m; sourceTree = "<group>"; };
		D2D013C91CDCB41E00BE4BCF /* Info.plist */ = {isa = PBXFileReference; lastKnownFileType = text.plist.xml; path = Info.plist; sourceTree = "<group>"; };
		D2D013EA1CDCC81900BE4BCF /* CategoryObject.h */ = {isa = PBXFileReference; fileEncoding = 4; lastKnownFileType = sourcecode.c.h; path = CategoryObject.h; sourceTree = "<group>"; };
		D2D013EB1CDCC81900BE4BCF /* CategoryObject.m */ = {isa = PBXFileReference; fileEncoding = 4; lastKnownFileType = sourcecode.c.objc; path = CategoryObject.m; sourceTree = "<group>"; };
		D2D013F01CDCC81900BE4BCF /* ProductObject.h */ = {isa = PBXFileReference; fileEncoding = 4; lastKnownFileType = sourcecode.c.h; path = ProductObject.h; sourceTree = "<group>"; };
		D2D013F11CDCC81900BE4BCF /* ProductObject.m */ = {isa = PBXFileReference; fileEncoding = 4; lastKnownFileType = sourcecode.c.objc; path = ProductObject.m; sourceTree = "<group>"; };
		D2D0140B1CDCCE7700BE4BCF /* OrderObject.h */ = {isa = PBXFileReference; fileEncoding = 4; lastKnownFileType = sourcecode.c.h; path = OrderObject.h; sourceTree = "<group>"; };
		D2D0140C1CDCCE7700BE4BCF /* OrderObject.m */ = {isa = PBXFileReference; fileEncoding = 4; lastKnownFileType = sourcecode.c.objc; path = OrderObject.m; sourceTree = "<group>"; };
		D2D0140E1CDCD1AB00BE4BCF /* ListObject.h */ = {isa = PBXFileReference; fileEncoding = 4; lastKnownFileType = sourcecode.c.h; path = ListObject.h; sourceTree = "<group>"; };
		D2D0140F1CDCD1AB00BE4BCF /* ListObject.m */ = {isa = PBXFileReference; fileEncoding = 4; lastKnownFileType = sourcecode.c.objc; path = ListObject.m; sourceTree = "<group>"; };
		D2D014111CDCEFD500BE4BCF /* Server.h */ = {isa = PBXFileReference; fileEncoding = 4; lastKnownFileType = sourcecode.c.h; path = Server.h; sourceTree = "<group>"; };
		D2D014121CDCEFD500BE4BCF /* Server.m */ = {isa = PBXFileReference; fileEncoding = 4; lastKnownFileType = sourcecode.c.objc; path = Server.m; sourceTree = "<group>"; };
		D2D0141C1CDD0CA700BE4BCF /* CategoryHelper.h */ = {isa = PBXFileReference; fileEncoding = 4; lastKnownFileType = sourcecode.c.h; path = CategoryHelper.h; sourceTree = "<group>"; };
		D2D0141D1CDD0CA700BE4BCF /* CategoryHelper.m */ = {isa = PBXFileReference; fileEncoding = 4; lastKnownFileType = sourcecode.c.objc; path = CategoryHelper.m; sourceTree = "<group>"; };
		D2D0141F1CDD0CCC00BE4BCF /* CategoryServer.h */ = {isa = PBXFileReference; fileEncoding = 4; lastKnownFileType = sourcecode.c.h; path = CategoryServer.h; sourceTree = "<group>"; };
		D2D014201CDD0CCC00BE4BCF /* CategoryServer.m */ = {isa = PBXFileReference; fileEncoding = 4; lastKnownFileType = sourcecode.c.objc; path = CategoryServer.m; sourceTree = "<group>"; };
		D2D014221CDD169C00BE4BCF /* LoginViewController.h */ = {isa = PBXFileReference; fileEncoding = 4; lastKnownFileType = sourcecode.c.h; path = LoginViewController.h; sourceTree = "<group>"; };
		D2D014231CDD169C00BE4BCF /* LoginViewController.m */ = {isa = PBXFileReference; fileEncoding = 4; lastKnownFileType = sourcecode.c.objc; path = LoginViewController.m; sourceTree = "<group>"; };
		D2D014241CDD169C00BE4BCF /* LoginViewController.xib */ = {isa = PBXFileReference; fileEncoding = 4; lastKnownFileType = file.xib; path = LoginViewController.xib; sourceTree = "<group>"; };
		D2D014281CDD445D00BE4BCF /* BaseViewController.h */ = {isa = PBXFileReference; fileEncoding = 4; lastKnownFileType = sourcecode.c.h; path = BaseViewController.h; sourceTree = "<group>"; };
		D2D014291CDD445D00BE4BCF /* BaseViewController.m */ = {isa = PBXFileReference; fileEncoding = 4; lastKnownFileType = sourcecode.c.objc; path = BaseViewController.m; sourceTree = "<group>"; };
		D2D0142B1CDD465500BE4BCF /* LoginServer.h */ = {isa = PBXFileReference; fileEncoding = 4; lastKnownFileType = sourcecode.c.h; path = LoginServer.h; sourceTree = "<group>"; };
		D2D0142C1CDD465500BE4BCF /* LoginServer.m */ = {isa = PBXFileReference; fileEncoding = 4; lastKnownFileType = sourcecode.c.objc; path = LoginServer.m; sourceTree = "<group>"; };
		D2D014321CDDD7EE00BE4BCF /* MainViewController.h */ = {isa = PBXFileReference; fileEncoding = 4; lastKnownFileType = sourcecode.c.h; path = MainViewController.h; sourceTree = "<group>"; };
		D2D014331CDDD7EE00BE4BCF /* MainViewController.m */ = {isa = PBXFileReference; fileEncoding = 4; lastKnownFileType = sourcecode.c.objc; path = MainViewController.m; sourceTree = "<group>"; };
		D2D014341CDDD7EE00BE4BCF /* MainViewController.xib */ = {isa = PBXFileReference; fileEncoding = 4; lastKnownFileType = file.xib; path = MainViewController.xib; sourceTree = "<group>"; };
		D2D014371CDE59AC00BE4BCF /* DailyListTableViewCell.h */ = {isa = PBXFileReference; fileEncoding = 4; lastKnownFileType = sourcecode.c.h; path = DailyListTableViewCell.h; sourceTree = "<group>"; };
		D2D014381CDE59AC00BE4BCF /* DailyListTableViewCell.m */ = {isa = PBXFileReference; fileEncoding = 4; lastKnownFileType = sourcecode.c.objc; path = DailyListTableViewCell.m; sourceTree = "<group>"; };
		D2D014391CDE59AC00BE4BCF /* DailyListTableViewCell.xib */ = {isa = PBXFileReference; fileEncoding = 4; lastKnownFileType = file.xib; path = DailyListTableViewCell.xib; sourceTree = "<group>"; };
		D2D0143D1CDE957A00BE4BCF /* DailyListServer.h */ = {isa = PBXFileReference; fileEncoding = 4; lastKnownFileType = sourcecode.c.h; path = DailyListServer.h; sourceTree = "<group>"; };
		D2D0143E1CDE957A00BE4BCF /* DailyListServer.m */ = {isa = PBXFileReference; fileEncoding = 4; lastKnownFileType = sourcecode.c.objc; path = DailyListServer.m; sourceTree = "<group>"; };
		D2D014401CDE95E500BE4BCF /* DailyListHelper.h */ = {isa = PBXFileReference; fileEncoding = 4; lastKnownFileType = sourcecode.c.h; path = DailyListHelper.h; sourceTree = "<group>"; };
		D2D014411CDE95E500BE4BCF /* DailyListHelper.m */ = {isa = PBXFileReference; fileEncoding = 4; lastKnownFileType = sourcecode.c.objc; path = DailyListHelper.m; sourceTree = "<group>"; };
/* End PBXFileReference section */

/* Begin PBXFrameworksBuildPhase section */
		D2D0139C1CDCB41E00BE4BCF /* Frameworks */ = {
			isa = PBXFrameworksBuildPhase;
			buildActionMask = 2147483647;
			files = (
				4EFB10A6AC7519D6F8DC89E1 /* libPods.a in Frameworks */,
			);
			runOnlyForDeploymentPostprocessing = 0;
		};
		D2D013B51CDCB41E00BE4BCF /* Frameworks */ = {
			isa = PBXFrameworksBuildPhase;
			buildActionMask = 2147483647;
			files = (
			);
			runOnlyForDeploymentPostprocessing = 0;
		};
		D2D013C01CDCB41E00BE4BCF /* Frameworks */ = {
			isa = PBXFrameworksBuildPhase;
			buildActionMask = 2147483647;
			files = (
			);
			runOnlyForDeploymentPostprocessing = 0;
		};
/* End PBXFrameworksBuildPhase section */

/* Begin PBXGroup section */
		36280D45C05A5AD21C1CC1DB /* Pods */ = {
			isa = PBXGroup;
			children = (
				5F0F76AA15ADF0FCCDC7087F /* Pods.debug.xcconfig */,
				B9C779028B7AAA027B48D0C0 /* Pods.release.xcconfig */,
			);
			name = Pods;
			sourceTree = "<group>";
		};
		94A0900420C5F87871BD0B0F /* Frameworks */ = {
			isa = PBXGroup;
			children = (
				417056AA21FDB61CE550978D /* libPods.a */,
			);
			name = Frameworks;
			sourceTree = "<group>";
		};
		D25039021CEF2B6700DE7890 /* MainViewController */ = {
			isa = PBXGroup;
			children = (
				D2D014321CDDD7EE00BE4BCF /* MainViewController.h */,
				D2D014331CDDD7EE00BE4BCF /* MainViewController.m */,
				D2D014341CDDD7EE00BE4BCF /* MainViewController.xib */,
			);
			name = MainViewController;
			sourceTree = "<group>";
		};
		D25039031CEF2B7200DE7890 /* InsideViewController */ = {
			isa = PBXGroup;
			children = (
				D25038FD1CEF2B5000DE7890 /* InsideOfDeskViewController.h */,
				D25038FE1CEF2B5000DE7890 /* InsideOfDeskViewController.m */,
				D25038FF1CEF2B5000DE7890 /* InsideOfDeskViewController.xib */,
			);
			name = InsideViewController;
			sourceTree = "<group>";
		};
		D2BFA0811CF195BE00626CCE /* OrdersListViewController */ = {
			isa = PBXGroup;
			children = (
				D2BFA07C1CF195AF00626CCE /* OrdersListViewController.h */,
				D2BFA07D1CF195AF00626CCE /* OrdersListViewController.m */,
				D2BFA07E1CF195AF00626CCE /* OrdersListViewController.xib */,
			);
			name = OrdersListViewController;
			sourceTree = "<group>";
		};
		D2D013961CDCB41E00BE4BCF = {
			isa = PBXGroup;
			children = (
				D2D013A11CDCB41E00BE4BCF /* Restoran Otomasyonu */,
				D2D013BB1CDCB41E00BE4BCF /* Restoran OtomasyonuTests */,
				D2D013C61CDCB41E00BE4BCF /* Restoran OtomasyonuUITests */,
				D2D013A01CDCB41E00BE4BCF /* Products */,
				36280D45C05A5AD21C1CC1DB /* Pods */,
				94A0900420C5F87871BD0B0F /* Frameworks */,
			);
			sourceTree = "<group>";
		};
		D2D013A01CDCB41E00BE4BCF /* Products */ = {
			isa = PBXGroup;
			children = (
				D2D0139F1CDCB41E00BE4BCF /* Restoran Otomasyonu.app */,
				D2D013B81CDCB41E00BE4BCF /* Restoran OtomasyonuTests.xctest */,
				D2D013C31CDCB41E00BE4BCF /* Restoran OtomasyonuUITests.xctest */,
			);
			name = Products;
			sourceTree = "<group>";
		};
		D2D013A11CDCB41E00BE4BCF /* Restoran Otomasyonu */ = {
			isa = PBXGroup;
			children = (
				D2D013A51CDCB41E00BE4BCF /* AppDelegate.h */,
				D2D013A61CDCB41E00BE4BCF /* AppDelegate.m */,
				D2D014271CDD16A000BE4BCF /* Controllers */,
				D2D013AE1CDCB41E00BE4BCF /* Assets.xcassets */,
				D2D013B01CDCB41E00BE4BCF /* LaunchScreen.storyboard */,
				D2D013B31CDCB41E00BE4BCF /* Info.plist */,
				D2D013A21CDCB41E00BE4BCF /* Supporting Files */,
			);
			path = "Restoran Otomasyonu";
			sourceTree = "<group>";
		};
		D2D013A21CDCB41E00BE4BCF /* Supporting Files */ = {
			isa = PBXGroup;
			children = (
				D2D014071CDCC82800BE4BCF /* DataCore */,
				D2D013A31CDCB41E00BE4BCF /* main.m */,
				D2D013A81CDCB41E00BE4BCF /* ViewController.h */,
				D2D013A91CDCB41E00BE4BCF /* ViewController.m */,
				D2D013AB1CDCB41E00BE4BCF /* Main.storyboard */,
			);
			name = "Supporting Files";
			sourceTree = "<group>";
		};
		D2D013BB1CDCB41E00BE4BCF /* Restoran OtomasyonuTests */ = {
			isa = PBXGroup;
			children = (
				D2D013BC1CDCB41E00BE4BCF /* Restoran_OtomasyonuTests.m */,
				D2D013BE1CDCB41E00BE4BCF /* Info.plist */,
			);
			path = "Restoran OtomasyonuTests";
			sourceTree = "<group>";
		};
		D2D013C61CDCB41E00BE4BCF /* Restoran OtomasyonuUITests */ = {
			isa = PBXGroup;
			children = (
				D2D013C71CDCB41E00BE4BCF /* Restoran_OtomasyonuUITests.m */,
				D2D013C91CDCB41E00BE4BCF /* Info.plist */,
			);
			path = "Restoran OtomasyonuUITests";
			sourceTree = "<group>";
		};
		D2D014071CDCC82800BE4BCF /* DataCore */ = {
			isa = PBXGroup;
			children = (
				D2BFA0791CF0CE5000626CCE /* Helper.h */,
				D2BFA07A1CF0CE5000626CCE /* Helper.m */,
				D2BFA0731CF0C38900626CCE /* OrderHelper.h */,
				D2BFA0741CF0C38900626CCE /* OrderHelper.m */,
				D250390C1CEF389400DE7890 /* ProductHelper.h */,
				D250390D1CEF389400DE7890 /* ProductHelper.m */,
				D2D0141C1CDD0CA700BE4BCF /* CategoryHelper.h */,
				D2D0141D1CDD0CA700BE4BCF /* CategoryHelper.m */,
				D2D014401CDE95E500BE4BCF /* DailyListHelper.h */,
				D2D014411CDE95E500BE4BCF /* DailyListHelper.m */,
				D2D014111CDCEFD500BE4BCF /* Server.h */,
				D2D014121CDCEFD500BE4BCF /* Server.m */,
				D2D0142B1CDD465500BE4BCF /* LoginServer.h */,
				D2D0142C1CDD465500BE4BCF /* LoginServer.m */,
				D2BFA0761CF0C39D00626CCE /* OrderServer.h */,
				D2BFA0771CF0C39D00626CCE /* OrderServer.m */,
				D25039091CEF37D800DE7890 /* ProductServer.h */,
				D250390A1CEF37D900DE7890 /* ProductServer.m */,
				D2D0141F1CDD0CCC00BE4BCF /* CategoryServer.h */,
				D2D014201CDD0CCC00BE4BCF /* CategoryServer.m */,
				D2D0143D1CDE957A00BE4BCF /* DailyListServer.h */,
				D2D0143E1CDE957A00BE4BCF /* DailyListServer.m */,
				D2D013EA1CDCC81900BE4BCF /* CategoryObject.h */,
				D2D013EB1CDCC81900BE4BCF /* CategoryObject.m */,
				D2D013F01CDCC81900BE4BCF /* ProductObject.h */,
				D2D013F11CDCC81900BE4BCF /* ProductObject.m */,
				D2D0140B1CDCCE7700BE4BCF /* OrderObject.h */,
				D2D0140C1CDCCE7700BE4BCF /* OrderObject.m */,
				D2D0140E1CDCD1AB00BE4BCF /* ListObject.h */,
				D2D0140F1CDCD1AB00BE4BCF /* ListObject.m */,
			);
			name = DataCore;
			sourceTree = "<group>";
		};
		D2D014271CDD16A000BE4BCF /* Controllers */ = {
			isa = PBXGroup;
			children = (
				D2D014281CDD445D00BE4BCF /* BaseViewController.h */,
				D2D014291CDD445D00BE4BCF /* BaseViewController.m */,
				D2D0142E1CDDD70200BE4BCF /* LoginViewController */,
				D25039021CEF2B6700DE7890 /* MainViewController */,
				D25039031CEF2B7200DE7890 /* InsideViewController */,
				D2BFA0811CF195BE00626CCE /* OrdersListViewController */,
				D2D0143C1CDE59B100BE4BCF /* Cells */,
			);
			name = Controllers;
			sourceTree = "<group>";
		};
		D2D0142E1CDDD70200BE4BCF /* LoginViewController */ = {
			isa = PBXGroup;
			children = (
				D2D014221CDD169C00BE4BCF /* LoginViewController.h */,
				D2D014231CDD169C00BE4BCF /* LoginViewController.m */,
				D2D014241CDD169C00BE4BCF /* LoginViewController.xib */,
			);
			name = LoginViewController;
			sourceTree = "<group>";
		};
		D2D0143C1CDE59B100BE4BCF /* Cells */ = {
			isa = PBXGroup;
			children = (
				D25039041CEF2BC000DE7890 /* DeskInsideTableViewCell.h */,
				D25039051CEF2BC000DE7890 /* DeskInsideTableViewCell.m */,
				D25039061CEF2BC000DE7890 /* DeskInsideTableViewCell.xib */,
				D2D014371CDE59AC00BE4BCF /* DailyListTableViewCell.h */,
				D2D014381CDE59AC00BE4BCF /* DailyListTableViewCell.m */,
				D2D014391CDE59AC00BE4BCF /* DailyListTableViewCell.xib */,
				D2BFA0821CF1964500626CCE /* OrdersTableViewCell.h */,
				D2BFA0831CF1964500626CCE /* OrdersTableViewCell.m */,
				D2BFA0841CF1964500626CCE /* OrdersTableViewCell.xib */,
			);
			name = Cells;
			sourceTree = "<group>";
		};
/* End PBXGroup section */

/* Begin PBXNativeTarget section */
		D2D0139E1CDCB41E00BE4BCF /* Restoran Otomasyonu */ = {
			isa = PBXNativeTarget;
			buildConfigurationList = D2D013CC1CDCB41E00BE4BCF /* Build configuration list for PBXNativeTarget "Restoran Otomasyonu" */;
			buildPhases = (
				34616CF556C31C806B9701B3 /* Check Pods Manifest.lock */,
				D2D0139B1CDCB41E00BE4BCF /* Sources */,
				D2D0139C1CDCB41E00BE4BCF /* Frameworks */,
				D2D0139D1CDCB41E00BE4BCF /* Resources */,
				CC10057918D51505FFAD85A7 /* Embed Pods Frameworks */,
				43658FEA2BE02DA763CC8F35 /* Copy Pods Resources */,
			);
			buildRules = (
			);
			dependencies = (
			);
			name = "Restoran Otomasyonu";
			productName = "Restoran Otomasyonu";
			productReference = D2D0139F1CDCB41E00BE4BCF /* Restoran Otomasyonu.app */;
			productType = "com.apple.product-type.application";
		};
		D2D013B71CDCB41E00BE4BCF /* Restoran OtomasyonuTests */ = {
			isa = PBXNativeTarget;
			buildConfigurationList = D2D013CF1CDCB41E00BE4BCF /* Build configuration list for PBXNativeTarget "Restoran OtomasyonuTests" */;
			buildPhases = (
				D2D013B41CDCB41E00BE4BCF /* Sources */,
				D2D013B51CDCB41E00BE4BCF /* Frameworks */,
				D2D013B61CDCB41E00BE4BCF /* Resources */,
			);
			buildRules = (
			);
			dependencies = (
				D2D013BA1CDCB41E00BE4BCF /* PBXTargetDependency */,
			);
			name = "Restoran OtomasyonuTests";
			productName = "Restoran OtomasyonuTests";
			productReference = D2D013B81CDCB41E00BE4BCF /* Restoran OtomasyonuTests.xctest */;
			productType = "com.apple.product-type.bundle.unit-test";
		};
		D2D013C21CDCB41E00BE4BCF /* Restoran OtomasyonuUITests */ = {
			isa = PBXNativeTarget;
			buildConfigurationList = D2D013D21CDCB41E00BE4BCF /* Build configuration list for PBXNativeTarget "Restoran OtomasyonuUITests" */;
			buildPhases = (
				D2D013BF1CDCB41E00BE4BCF /* Sources */,
				D2D013C01CDCB41E00BE4BCF /* Frameworks */,
				D2D013C11CDCB41E00BE4BCF /* Resources */,
			);
			buildRules = (
			);
			dependencies = (
				D2D013C51CDCB41E00BE4BCF /* PBXTargetDependency */,
			);
			name = "Restoran OtomasyonuUITests";
			productName = "Restoran OtomasyonuUITests";
			productReference = D2D013C31CDCB41E00BE4BCF /* Restoran OtomasyonuUITests.xctest */;
			productType = "com.apple.product-type.bundle.ui-testing";
		};
/* End PBXNativeTarget section */

/* Begin PBXProject section */
		D2D013971CDCB41E00BE4BCF /* Project object */ = {
			isa = PBXProject;
			attributes = {
				LastUpgradeCheck = 0730;
				ORGANIZATIONNAME = YilmazGursoy;
				TargetAttributes = {
					D2D0139E1CDCB41E00BE4BCF = {
						CreatedOnToolsVersion = 7.3;
					};
					D2D013B71CDCB41E00BE4BCF = {
						CreatedOnToolsVersion = 7.3;
						TestTargetID = D2D0139E1CDCB41E00BE4BCF;
					};
					D2D013C21CDCB41E00BE4BCF = {
						CreatedOnToolsVersion = 7.3;
						TestTargetID = D2D0139E1CDCB41E00BE4BCF;
					};
				};
			};
			buildConfigurationList = D2D0139A1CDCB41E00BE4BCF /* Build configuration list for PBXProject "Restoran Otomasyonu" */;
			compatibilityVersion = "Xcode 3.2";
			developmentRegion = English;
			hasScannedForEncodings = 0;
			knownRegions = (
				en,
				Base,
			);
			mainGroup = D2D013961CDCB41E00BE4BCF;
			productRefGroup = D2D013A01CDCB41E00BE4BCF /* Products */;
			projectDirPath = "";
			projectRoot = "";
			targets = (
				D2D0139E1CDCB41E00BE4BCF /* Restoran Otomasyonu */,
				D2D013B71CDCB41E00BE4BCF /* Restoran OtomasyonuTests */,
				D2D013C21CDCB41E00BE4BCF /* Restoran OtomasyonuUITests */,
			);
		};
/* End PBXProject section */

/* Begin PBXResourcesBuildPhase section */
		D2D0139D1CDCB41E00BE4BCF /* Resources */ = {
			isa = PBXResourcesBuildPhase;
			buildActionMask = 2147483647;
			files = (
				D2BFA0861CF1964500626CCE /* OrdersTableViewCell.xib in Resources */,
				D2D014261CDD169C00BE4BCF /* LoginViewController.xib in Resources */,
				D2D013B21CDCB41E00BE4BCF /* LaunchScreen.storyboard in Resources */,
				D25039081CEF2BC000DE7890 /* DeskInsideTableViewCell.xib in Resources */,
				D2D014361CDDD7EE00BE4BCF /* MainViewController.xib in Resources */,
				D2BFA0801CF195AF00626CCE /* OrdersListViewController.xib in Resources */,
				D25039011CEF2B5000DE7890 /* InsideOfDeskViewController.xib in Resources */,
				D2D0143B1CDE59AC00BE4BCF /* DailyListTableViewCell.xib in Resources */,
				D2D013AF1CDCB41E00BE4BCF /* Assets.xcassets in Resources */,
				D2D013AD1CDCB41E00BE4BCF /* Main.storyboard in Resources */,
			);
			runOnlyForDeploymentPostprocessing = 0;
		};
		D2D013B61CDCB41E00BE4BCF /* Resources */ = {
			isa = PBXResourcesBuildPhase;
			buildActionMask = 2147483647;
			files = (
			);
			runOnlyForDeploymentPostprocessing = 0;
		};
		D2D013C11CDCB41E00BE4BCF /* Resources */ = {
			isa = PBXResourcesBuildPhase;
			buildActionMask = 2147483647;
			files = (
			);
			runOnlyForDeploymentPostprocessing = 0;
		};
/* End PBXResourcesBuildPhase section */

/* Begin PBXShellScriptBuildPhase section */
		34616CF556C31C806B9701B3 /* Check Pods Manifest.lock */ = {
			isa = PBXShellScriptBuildPhase;
			buildActionMask = 2147483647;
			files = (
			);
			inputPaths = (
			);
			name = "Check Pods Manifest.lock";
			outputPaths = (
			);
			runOnlyForDeploymentPostprocessing = 0;
			shellPath = /bin/sh;
			shellScript = "diff \"${PODS_ROOT}/../Podfile.lock\" \"${PODS_ROOT}/Manifest.lock\" > /dev/null\nif [[ $? != 0 ]] ; then\n    cat << EOM\nerror: The sandbox is not in sync with the Podfile.lock. Run 'pod install' or update your CocoaPods installation.\nEOM\n    exit 1\nfi\n";
			showEnvVarsInLog = 0;
		};
		43658FEA2BE02DA763CC8F35 /* Copy Pods Resources */ = {
			isa = PBXShellScriptBuildPhase;
			buildActionMask = 2147483647;
			files = (
			);
			inputPaths = (
			);
			name = "Copy Pods Resources";
			outputPaths = (
			);
			runOnlyForDeploymentPostprocessing = 0;
			shellPath = /bin/sh;
			shellScript = "\"${SRCROOT}/Pods/Target Support Files/Pods/Pods-resources.sh\"\n";
			showEnvVarsInLog = 0;
		};
		CC10057918D51505FFAD85A7 /* Embed Pods Frameworks */ = {
			isa = PBXShellScriptBuildPhase;
			buildActionMask = 2147483647;
			files = (
			);
			inputPaths = (
			);
			name = "Embed Pods Frameworks";
			outputPaths = (
			);
			runOnlyForDeploymentPostprocessing = 0;
			shellPath = /bin/sh;
			shellScript = "\"${SRCROOT}/Pods/Target Support Files/Pods/Pods-frameworks.sh\"\n";
			showEnvVarsInLog = 0;
		};
/* End PBXShellScriptBuildPhase section */

/* Begin PBXSourcesBuildPhase section */
		D2D0139B1CDCB41E00BE4BCF /* Sources */ = {
			isa = PBXSourcesBuildPhase;
			buildActionMask = 2147483647;
			files = (
				D2BFA0851CF1964500626CCE /* OrdersTableViewCell.m in Sources */,
				D2D0140D1CDCCE7700BE4BCF /* OrderObject.m in Sources */,
				D2D0142A1CDD445D00BE4BCF /* BaseViewController.m in Sources */,
				D2D0143F1CDE957A00BE4BCF /* DailyListServer.m in Sources */,
				D25039071CEF2BC000DE7890 /* DeskInsideTableViewCell.m in Sources */,
				D2D013AA1CDCB41E00BE4BCF /* ViewController.m in Sources */,
				D2D014211CDD0CCC00BE4BCF /* CategoryServer.m in Sources */,
				D2D014131CDCEFD500BE4BCF /* Server.m in Sources */,
				D2BFA07F1CF195AF00626CCE /* OrdersListViewController.m in Sources */,
				D2D014101CDCD1AB00BE4BCF /* ListObject.m in Sources */,
				D2BFA0781CF0C39D00626CCE /* OrderServer.m in Sources */,
				D2D013A71CDCB41E00BE4BCF /* AppDelegate.m in Sources */,
				D2D013FD1CDCC81900BE4BCF /* CategoryObject.m in Sources */,
				D2BFA0751CF0C38900626CCE /* OrderHelper.m in Sources */,
				D2D014421CDE95E500BE4BCF /* DailyListHelper.m in Sources */,
				D2D0143A1CDE59AC00BE4BCF /* DailyListTableViewCell.m in Sources */,
				D2D013A41CDCB41E00BE4BCF /* main.m in Sources */,
				D2D0141E1CDD0CA700BE4BCF /* CategoryHelper.m in Sources */,
				D2D014251CDD169C00BE4BCF /* LoginViewController.m in Sources */,
				D25039001CEF2B5000DE7890 /* InsideOfDeskViewController.m in Sources */,
				D2D014351CDDD7EE00BE4BCF /* MainViewController.m in Sources */,
				D2BFA07B1CF0CE5000626CCE /* Helper.m in Sources */,
				D2D0142D1CDD465500BE4BCF /* LoginServer.m in Sources */,
				D250390B1CEF37D900DE7890 /* ProductServer.m in Sources */,
				D2D014001CDCC81900BE4BCF /* ProductObject.m in Sources */,
				D250390E1CEF389400DE7890 /* ProductHelper.m in Sources */,
			);
			runOnlyForDeploymentPostprocessing = 0;
		};
		D2D013B41CDCB41E00BE4BCF /* Sources */ = {
			isa = PBXSourcesBuildPhase;
			buildActionMask = 2147483647;
			files = (
				D2D013BD1CDCB41E00BE4BCF /* Restoran_OtomasyonuTests.m in Sources */,
			);
			runOnlyForDeploymentPostprocessing = 0;
		};
		D2D013BF1CDCB41E00BE4BCF /* Sources */ = {
			isa = PBXSourcesBuildPhase;
			buildActionMask = 2147483647;
			files = (
				D2D013C81CDCB41E00BE4BCF /* Restoran_OtomasyonuUITests.m in Sources */,
			);
			runOnlyForDeploymentPostprocessing = 0;
		};
/* End PBXSourcesBuildPhase section */

/* Begin PBXTargetDependency section */
		D2D013BA1CDCB41E00BE4BCF /* PBXTargetDependency */ = {
			isa = PBXTargetDependency;
			target = D2D0139E1CDCB41E00BE4BCF /* Restoran Otomasyonu */;
			targetProxy = D2D013B91CDCB41E00BE4BCF /* PBXContainerItemProxy */;
		};
		D2D013C51CDCB41E00BE4BCF /* PBXTargetDependency */ = {
			isa = PBXTargetDependency;
			target = D2D0139E1CDCB41E00BE4BCF /* Restoran Otomasyonu */;
			targetProxy = D2D013C41CDCB41E00BE4BCF /* PBXContainerItemProxy */;
		};
/* End PBXTargetDependency section */

/* Begin PBXVariantGroup section */
		D2D013AB1CDCB41E00BE4BCF /* Main.storyboard */ = {
			isa = PBXVariantGroup;
			children = (
				D2D013AC1CDCB41E00BE4BCF /* Base */,
			);
			name = Main.storyboard;
			sourceTree = "<group>";
		};
		D2D013B01CDCB41E00BE4BCF /* LaunchScreen.storyboard */ = {
			isa = PBXVariantGroup;
			children = (
				D2D013B11CDCB41E00BE4BCF /* Base */,
			);
			name = LaunchScreen.storyboard;
			sourceTree = "<group>";
		};
/* End PBXVariantGroup section */

/* Begin XCBuildConfiguration section */
		D2D013CA1CDCB41E00BE4BCF /* Debug */ = {
			isa = XCBuildConfiguration;
			buildSettings = {
				ALWAYS_SEARCH_USER_PATHS = NO;
				CLANG_ANALYZER_NONNULL = YES;
				CLANG_CXX_LANGUAGE_STANDARD = "gnu++0x";
				CLANG_CXX_LIBRARY = "libc++";
				CLANG_ENABLE_MODULES = YES;
				CLANG_ENABLE_OBJC_ARC = YES;
				CLANG_WARN_BOOL_CONVERSION = YES;
				CLANG_WARN_CONSTANT_CONVERSION = YES;
				CLANG_WARN_DIRECT_OBJC_ISA_USAGE = YES_ERROR;
				CLANG_WARN_EMPTY_BODY = YES;
				CLANG_WARN_ENUM_CONVERSION = YES;
				CLANG_WARN_INT_CONVERSION = YES;
				CLANG_WARN_OBJC_ROOT_CLASS = YES_ERROR;
				CLANG_WARN_UNREACHABLE_CODE = YES;
				CLANG_WARN__DUPLICATE_METHOD_MATCH = YES;
				"CODE_SIGN_IDENTITY[sdk=iphoneos*]" = "iPhone Developer";
				COPY_PHASE_STRIP = NO;
				DEBUG_INFORMATION_FORMAT = dwarf;
				ENABLE_STRICT_OBJC_MSGSEND = YES;
				ENABLE_TESTABILITY = YES;
				GCC_C_LANGUAGE_STANDARD = gnu99;
				GCC_DYNAMIC_NO_PIC = NO;
				GCC_NO_COMMON_BLOCKS = YES;
				GCC_OPTIMIZATION_LEVEL = 0;
				GCC_PREPROCESSOR_DEFINITIONS = (
					"DEBUG=1",
					"$(inherited)",
				);
				GCC_WARN_64_TO_32_BIT_CONVERSION = YES;
				GCC_WARN_ABOUT_RETURN_TYPE = YES_ERROR;
				GCC_WARN_UNDECLARED_SELECTOR = YES;
				GCC_WARN_UNINITIALIZED_AUTOS = YES_AGGRESSIVE;
				GCC_WARN_UNUSED_FUNCTION = YES;
				GCC_WARN_UNUSED_VARIABLE = YES;
				IPHONEOS_DEPLOYMENT_TARGET = 9.3;
				MTL_ENABLE_DEBUG_INFO = YES;
				ONLY_ACTIVE_ARCH = YES;
				SDKROOT = iphoneos;
			};
			name = Debug;
		};
		D2D013CB1CDCB41E00BE4BCF /* Release */ = {
			isa = XCBuildConfiguration;
			buildSettings = {
				ALWAYS_SEARCH_USER_PATHS = NO;
				CLANG_ANALYZER_NONNULL = YES;
				CLANG_CXX_LANGUAGE_STANDARD = "gnu++0x";
				CLANG_CXX_LIBRARY = "libc++";
				CLANG_ENABLE_MODULES = YES;
				CLANG_ENABLE_OBJC_ARC = YES;
				CLANG_WARN_BOOL_CONVERSION = YES;
				CLANG_WARN_CONSTANT_CONVERSION = YES;
				CLANG_WARN_DIRECT_OBJC_ISA_USAGE = YES_ERROR;
				CLANG_WARN_EMPTY_BODY = YES;
				CLANG_WARN_ENUM_CONVERSION = YES;
				CLANG_WARN_INT_CONVERSION = YES;
				CLANG_WARN_OBJC_ROOT_CLASS = YES_ERROR;
				CLANG_WARN_UNREACHABLE_CODE = YES;
				CLANG_WARN__DUPLICATE_METHOD_MATCH = YES;
				"CODE_SIGN_IDENTITY[sdk=iphoneos*]" = "iPhone Developer";
				COPY_PHASE_STRIP = NO;
				DEBUG_INFORMATION_FORMAT = "dwarf-with-dsym";
				ENABLE_NS_ASSERTIONS = NO;
				ENABLE_STRICT_OBJC_MSGSEND = YES;
				GCC_C_LANGUAGE_STANDARD = gnu99;
				GCC_NO_COMMON_BLOCKS = YES;
				GCC_WARN_64_TO_32_BIT_CONVERSION = YES;
				GCC_WARN_ABOUT_RETURN_TYPE = YES_ERROR;
				GCC_WARN_UNDECLARED_SELECTOR = YES;
				GCC_WARN_UNINITIALIZED_AUTOS = YES_AGGRESSIVE;
				GCC_WARN_UNUSED_FUNCTION = YES;
				GCC_WARN_UNUSED_VARIABLE = YES;
				IPHONEOS_DEPLOYMENT_TARGET = 9.3;
				MTL_ENABLE_DEBUG_INFO = NO;
				SDKROOT = iphoneos;
				VALIDATE_PRODUCT = YES;
			};
			name = Release;
		};
		D2D013CD1CDCB41E00BE4BCF /* Debug */ = {
			isa = XCBuildConfiguration;
			baseConfigurationReference = 5F0F76AA15ADF0FCCDC7087F /* Pods.debug.xcconfig */;
			buildSettings = {
				ASSETCATALOG_COMPILER_APPICON_NAME = AppIcon;
				INFOPLIST_FILE = "Restoran Otomasyonu/Info.plist";
				LD_RUNPATH_SEARCH_PATHS = "$(inherited) @executable_path/Frameworks";
				PRODUCT_BUNDLE_IDENTIFIER = "com.huseyin.Restoran-Otomasyonu";
				PRODUCT_NAME = "$(TARGET_NAME)";
			};
			name = Debug;
		};
		D2D013CE1CDCB41E00BE4BCF /* Release */ = {
			isa = XCBuildConfiguration;
			baseConfigurationReference = B9C779028B7AAA027B48D0C0 /* Pods.release.xcconfig */;
			buildSettings = {
				ASSETCATALOG_COMPILER_APPICON_NAME = AppIcon;
				INFOPLIST_FILE = "Restoran Otomasyonu/Info.plist";
				LD_RUNPATH_SEARCH_PATHS = "$(inherited) @executable_path/Frameworks";
				PRODUCT_BUNDLE_IDENTIFIER = "com.huseyin.Restoran-Otomasyonu";
				PRODUCT_NAME = "$(TARGET_NAME)";
			};
			name = Release;
		};
		D2D013D01CDCB41E00BE4BCF /* Debug */ = {
			isa = XCBuildConfiguration;
			buildSettings = {
				BUNDLE_LOADER = "$(TEST_HOST)";
				INFOPLIST_FILE = "Restoran OtomasyonuTests/Info.plist";
				LD_RUNPATH_SEARCH_PATHS = "$(inherited) @executable_path/Frameworks @loader_path/Frameworks";
				PRODUCT_BUNDLE_IDENTIFIER = "com.huseyin.Restoran-OtomasyonuTests";
				PRODUCT_NAME = "$(TARGET_NAME)";
				TEST_HOST = "$(BUILT_PRODUCTS_DIR)/Restoran Otomasyonu.app/Restoran Otomasyonu";
			};
			name = Debug;
		};
		D2D013D11CDCB41E00BE4BCF /* Release */ = {
			isa = XCBuildConfiguration;
			buildSettings = {
				BUNDLE_LOADER = "$(TEST_HOST)";
				INFOPLIST_FILE = "Restoran OtomasyonuTests/Info.plist";
				LD_RUNPATH_SEARCH_PATHS = "$(inherited) @executable_path/Frameworks @loader_path/Frameworks";
				PRODUCT_BUNDLE_IDENTIFIER = "com.huseyin.Restoran-OtomasyonuTests";
				PRODUCT_NAME = "$(TARGET_NAME)";
				TEST_HOST = "$(BUILT_PRODUCTS_DIR)/Restoran Otomasyonu.app/Restoran Otomasyonu";
			};
			name = Release;
		};
		D2D013D31CDCB41E00BE4BCF /* Debug */ = {
			isa = XCBuildConfiguration;
			buildSettings = {
				INFOPLIST_FILE = "Restoran OtomasyonuUITests/Info.plist";
				LD_RUNPATH_SEARCH_PATHS = "$(inherited) @executable_path/Frameworks @loader_path/Frameworks";
				PRODUCT_BUNDLE_IDENTIFIER = "com.huseyin.Restoran-OtomasyonuUITests";
				PRODUCT_NAME = "$(TARGET_NAME)";
				TEST_TARGET_NAME = "Restoran Otomasyonu";
			};
			name = Debug;
		};
		D2D013D41CDCB41E00BE4BCF /* Release */ = {
			isa = XCBuildConfiguration;
			buildSettings = {
				INFOPLIST_FILE = "Restoran OtomasyonuUITests/Info.plist";
				LD_RUNPATH_SEARCH_PATHS = "$(inherited) @executable_path/Frameworks @loader_path/Frameworks";
				PRODUCT_BUNDLE_IDENTIFIER = "com.huseyin.Restoran-OtomasyonuUITests";
				PRODUCT_NAME = "$(TARGET_NAME)";
				TEST_TARGET_NAME = "Restoran Otomasyonu";
			};
			name = Release;
		};
/* End XCBuildConfiguration section */

/* Begin XCConfigurationList section */
		D2D0139A1CDCB41E00BE4BCF /* Build configuration list for PBXProject "Restoran Otomasyonu" */ = {
			isa = XCConfigurationList;
			buildConfigurations = (
				D2D013CA1CDCB41E00BE4BCF /* Debug */,
				D2D013CB1CDCB41E00BE4BCF /* Release */,
			);
			defaultConfigurationIsVisible = 0;
			defaultConfigurationName = Release;
		};
		D2D013CC1CDCB41E00BE4BCF /* Build configuration list for PBXNativeTarget "Restoran Otomasyonu" */ = {
			isa = XCConfigurationList;
			buildConfigurations = (
				D2D013CD1CDCB41E00BE4BCF /* Debug */,
				D2D013CE1CDCB41E00BE4BCF /* Release */,
			);
			defaultConfigurationIsVisible = 0;
			defaultConfigurationName = Release;
		};
		D2D013CF1CDCB41E00BE4BCF /* Build configuration list for PBXNativeTarget "Restoran OtomasyonuTests" */ = {
			isa = XCConfigurationList;
			buildConfigurations = (
				D2D013D01CDCB41E00BE4BCF /* Debug */,
				D2D013D11CDCB41E00BE4BCF /* Release */,
			);
			defaultConfigurationIsVisible = 0;
			defaultConfigurationName = Release;
		};
		D2D013D21CDCB41E00BE4BCF /* Build configuration list for PBXNativeTarget "Restoran OtomasyonuUITests" */ = {
			isa = XCConfigurationList;
			buildConfigurations = (
				D2D013D31CDCB41E00BE4BCF /* Debug */,
				D2D013D41CDCB41E00BE4BCF /* Release */,
			);
			defaultConfigurationIsVisible = 0;
			defaultConfigurationName = Release;
		};
/* End XCConfigurationList section */
	};
	rootObject = D2D013971CDCB41E00BE4BCF /* Project object */;
}
